
Microsoft Visual Studio Solution File, Format Version 12.00
# Visual Studio Version 17
VisualStudioVersion = 17.8.34330.188
MinimumVisualStudioVersion = 10.0.40219.1
Project("{9A19103F-16F7-4668-BE54-9A1E7A4F7556}") = "TaskApplication.WebAPI", "TaskApplication\TaskApplication.WebAPI.csproj", "{DC5180F2-049E-4463-922D-DF3E97AFB0B0}"
EndProject
Project("{9A19103F-16F7-4668-BE54-9A1E7A4F7556}") = "TaskApplication.Data", "TaskApplication.Data\TaskApplication.Data.csproj", "{99CF1539-19AF-487A-B358-ED088FAF4C08}"
EndProject
Project("{FAE04EC0-301F-11D3-BF4B-00C04F79EFBC}") = "TaskApplication.Core", "TaskApplication.Core\TaskApplication.Core.csproj", "{FC5FCBF2-9467-4549-A1BC-3E2B201C880B}"
EndProject
Global
	GlobalSection(SolutionConfigurationPlatforms) = preSolution
		Debug|Any CPU = Debug|Any CPU
		Release|Any CPU = Release|Any CPU
	EndGlobalSection
	GlobalSection(ProjectConfigurationPlatforms) = postSolution
		{DC5180F2-049E-4463-922D-DF3E97AFB0B0}.Debug|Any CPU.ActiveCfg = Debug|Any CPU
		{DC5180F2-049E-4463-922D-DF3E97AFB0B0}.Debug|Any CPU.Build.0 = Debug|Any CPU
		{DC5180F2-049E-4463-922D-DF3E97AFB0B0}.Release|Any CPU.ActiveCfg = Release|Any CPU
		{DC5180F2-049E-4463-922D-DF3E97AFB0B0}.Release|Any CPU.Build.0 = Release|Any CPU
		{99CF1539-19AF-487A-B358-ED088FAF4C08}.Debug|Any CPU.ActiveCfg = Debug|Any CPU
		{99CF1539-19AF-487A-B358-ED088FAF4C08}.Debug|Any CPU.Build.0 = Debug|Any CPU
		{99CF1539-19AF-487A-B358-ED088FAF4C08}.Release|Any CPU.ActiveCfg = Release|Any CPU
		{99CF1539-19AF-487A-B358-ED088FAF4C08}.Release|Any CPU.Build.0 = Release|Any CPU
		{FC5FCBF2-9467-4549-A1BC-3E2B201C880B}.Debug|Any CPU.ActiveCfg = Debug|Any CPU
		{FC5FCBF2-9467-4549-A1BC-3E2B201C880B}.Debug|Any CPU.Build.0 = Debug|Any CPU
		{FC5FCBF2-9467-4549-A1BC-3E2B201C880B}.Release|Any CPU.ActiveCfg = Release|Any CPU
		{FC5FCBF2-9467-4549-A1BC-3E2B201C880B}.Release|Any CPU.Build.0 = Release|Any CPU
	EndGlobalSection
	GlobalSection(SolutionProperties) = preSolution
		HideSolutionNode = FALSE
	EndGlobalSection
	GlobalSection(ExtensibilityGlobals) = postSolution
		SolutionGuid = {8F9118EC-5899-4995-834C-11243DE4347A}
	EndGlobalSection
EndGlobal
